
Microsoft Visual Studio Solution File, Format Version 12.00
# Visual Studio Version 17
VisualStudioVersion = 17.5.002.0
MinimumVisualStudioVersion = 10.0.40219.1
Project("{9A19103F-16F7-4668-BE54-9A1E7A4F7556}") = "uri1044", "uri1044.csproj", "{38E40EAC-654A-43FA-A18E-D01E0172AAB4}"
EndProject
Global
	GlobalSection(SolutionConfigurationPlatforms) = preSolution
		Debug|Any CPU = Debug|Any CPU
		Release|Any CPU = Release|Any CPU
	EndGlobalSection
	GlobalSection(ProjectConfigurationPlatforms) = postSolution
		{38E40EAC-654A-43FA-A18E-D01E0172AAB4}.Debug|Any CPU.ActiveCfg = Debug|Any CPU
		{38E40EAC-654A-43FA-A18E-D01E0172AAB4}.Debug|Any CPU.Build.0 = Debug|Any CPU
		{38E40EAC-654A-43FA-A18E-D01E0172AAB4}.Release|Any CPU.ActiveCfg = Release|Any CPU
		{38E40EAC-654A-43FA-A18E-D01E0172AAB4}.Release|Any CPU.Build.0 = Release|Any CPU
	EndGlobalSection
	GlobalSection(SolutionProperties) = preSolution
		HideSolutionNode = FALSE
	EndGlobalSection
	GlobalSection(ExtensibilityGlobals) = postSolution
		SolutionGuid = {C61D4D3E-5CD0-4090-B7C8-EC454406161F}
	EndGlobalSection
EndGlobal
