
Microsoft Visual Studio Solution File, Format Version 12.00
# Visual Studio Version 17
VisualStudioVersion = 17.5.002.0
MinimumVisualStudioVersion = 10.0.40219.1
Project("{9A19103F-16F7-4668-BE54-9A1E7A4F7556}") = "uri1060", "uri1060.csproj", "{A5D1305E-E2D6-4392-9978-B1F48682CDDE}"
EndProject
Global
	GlobalSection(SolutionConfigurationPlatforms) = preSolution
		Debug|Any CPU = Debug|Any CPU
		Release|Any CPU = Release|Any CPU
	EndGlobalSection
	GlobalSection(ProjectConfigurationPlatforms) = postSolution
		{A5D1305E-E2D6-4392-9978-B1F48682CDDE}.Debug|Any CPU.ActiveCfg = Debug|Any CPU
		{A5D1305E-E2D6-4392-9978-B1F48682CDDE}.Debug|Any CPU.Build.0 = Debug|Any CPU
		{A5D1305E-E2D6-4392-9978-B1F48682CDDE}.Release|Any CPU.ActiveCfg = Release|Any CPU
		{A5D1305E-E2D6-4392-9978-B1F48682CDDE}.Release|Any CPU.Build.0 = Release|Any CPU
	EndGlobalSection
	GlobalSection(SolutionProperties) = preSolution
		HideSolutionNode = FALSE
	EndGlobalSection
	GlobalSection(ExtensibilityGlobals) = postSolution
		SolutionGuid = {9EE87BA9-F904-41BD-9D84-999A3445ED4B}
	EndGlobalSection
EndGlobal
