
Microsoft Visual Studio Solution File, Format Version 12.00
# Visual Studio Version 17
VisualStudioVersion = 17.5.002.0
MinimumVisualStudioVersion = 10.0.40219.1
Project("{9A19103F-16F7-4668-BE54-9A1E7A4F7556}") = "uri1021", "uri1021.csproj", "{C5B1C187-3212-4D80-8403-C768BFDA6019}"
EndProject
Global
	GlobalSection(SolutionConfigurationPlatforms) = preSolution
		Debug|Any CPU = Debug|Any CPU
		Release|Any CPU = Release|Any CPU
	EndGlobalSection
	GlobalSection(ProjectConfigurationPlatforms) = postSolution
		{C5B1C187-3212-4D80-8403-C768BFDA6019}.Debug|Any CPU.ActiveCfg = Debug|Any CPU
		{C5B1C187-3212-4D80-8403-C768BFDA6019}.Debug|Any CPU.Build.0 = Debug|Any CPU
		{C5B1C187-3212-4D80-8403-C768BFDA6019}.Release|Any CPU.ActiveCfg = Release|Any CPU
		{C5B1C187-3212-4D80-8403-C768BFDA6019}.Release|Any CPU.Build.0 = Release|Any CPU
	EndGlobalSection
	GlobalSection(SolutionProperties) = preSolution
		HideSolutionNode = FALSE
	EndGlobalSection
	GlobalSection(ExtensibilityGlobals) = postSolution
		SolutionGuid = {C824F472-3C61-4E50-BDB4-185A61D07C72}
	EndGlobalSection
EndGlobal
