
Microsoft Visual Studio Solution File, Format Version 12.00
# Visual Studio Version 17
VisualStudioVersion = 17.5.002.0
MinimumVisualStudioVersion = 10.0.40219.1
Project("{9A19103F-16F7-4668-BE54-9A1E7A4F7556}") = "uri1001", "uri1001.csproj", "{3FBE385A-E410-42C5-B136-F6008FA52A3C}"
EndProject
Global
	GlobalSection(SolutionConfigurationPlatforms) = preSolution
		Debug|Any CPU = Debug|Any CPU
		Release|Any CPU = Release|Any CPU
	EndGlobalSection
	GlobalSection(ProjectConfigurationPlatforms) = postSolution
		{3FBE385A-E410-42C5-B136-F6008FA52A3C}.Debug|Any CPU.ActiveCfg = Debug|Any CPU
		{3FBE385A-E410-42C5-B136-F6008FA52A3C}.Debug|Any CPU.Build.0 = Debug|Any CPU
		{3FBE385A-E410-42C5-B136-F6008FA52A3C}.Release|Any CPU.ActiveCfg = Release|Any CPU
		{3FBE385A-E410-42C5-B136-F6008FA52A3C}.Release|Any CPU.Build.0 = Release|Any CPU
	EndGlobalSection
	GlobalSection(SolutionProperties) = preSolution
		HideSolutionNode = FALSE
	EndGlobalSection
	GlobalSection(ExtensibilityGlobals) = postSolution
		SolutionGuid = {425EFBD7-7F65-4195-8216-9497ADC70A83}
	EndGlobalSection
EndGlobal
