
Microsoft Visual Studio Solution File, Format Version 12.00
# Visual Studio Version 17
VisualStudioVersion = 17.5.002.0
MinimumVisualStudioVersion = 10.0.40219.1
Project("{9A19103F-16F7-4668-BE54-9A1E7A4F7556}") = "uri1067", "uri1067.csproj", "{044D3957-2630-4F20-831C-91A2076830EF}"
EndProject
Global
	GlobalSection(SolutionConfigurationPlatforms) = preSolution
		Debug|Any CPU = Debug|Any CPU
		Release|Any CPU = Release|Any CPU
	EndGlobalSection
	GlobalSection(ProjectConfigurationPlatforms) = postSolution
		{044D3957-2630-4F20-831C-91A2076830EF}.Debug|Any CPU.ActiveCfg = Debug|Any CPU
		{044D3957-2630-4F20-831C-91A2076830EF}.Debug|Any CPU.Build.0 = Debug|Any CPU
		{044D3957-2630-4F20-831C-91A2076830EF}.Release|Any CPU.ActiveCfg = Release|Any CPU
		{044D3957-2630-4F20-831C-91A2076830EF}.Release|Any CPU.Build.0 = Release|Any CPU
	EndGlobalSection
	GlobalSection(SolutionProperties) = preSolution
		HideSolutionNode = FALSE
	EndGlobalSection
	GlobalSection(ExtensibilityGlobals) = postSolution
		SolutionGuid = {13B2A9D8-AA6C-4CEC-8801-7B0AC40B8A64}
	EndGlobalSection
EndGlobal
