
Microsoft Visual Studio Solution File, Format Version 12.00
# Visual Studio Version 17
VisualStudioVersion = 17.5.002.0
MinimumVisualStudioVersion = 10.0.40219.1
Project("{9A19103F-16F7-4668-BE54-9A1E7A4F7556}") = "uri1115", "uri1115.csproj", "{2781DA26-99BA-4C74-A99E-7E295F0F82A4}"
EndProject
Global
	GlobalSection(SolutionConfigurationPlatforms) = preSolution
		Debug|Any CPU = Debug|Any CPU
		Release|Any CPU = Release|Any CPU
	EndGlobalSection
	GlobalSection(ProjectConfigurationPlatforms) = postSolution
		{2781DA26-99BA-4C74-A99E-7E295F0F82A4}.Debug|Any CPU.ActiveCfg = Debug|Any CPU
		{2781DA26-99BA-4C74-A99E-7E295F0F82A4}.Debug|Any CPU.Build.0 = Debug|Any CPU
		{2781DA26-99BA-4C74-A99E-7E295F0F82A4}.Release|Any CPU.ActiveCfg = Release|Any CPU
		{2781DA26-99BA-4C74-A99E-7E295F0F82A4}.Release|Any CPU.Build.0 = Release|Any CPU
	EndGlobalSection
	GlobalSection(SolutionProperties) = preSolution
		HideSolutionNode = FALSE
	EndGlobalSection
	GlobalSection(ExtensibilityGlobals) = postSolution
		SolutionGuid = {BBC176A7-86AF-4159-B3DB-C2D2419D775B}
	EndGlobalSection
EndGlobal
