
Microsoft Visual Studio Solution File, Format Version 12.00
# Visual Studio Version 17
VisualStudioVersion = 17.5.002.0
MinimumVisualStudioVersion = 10.0.40219.1
Project("{9A19103F-16F7-4668-BE54-9A1E7A4F7556}") = "uri1151", "uri1151.csproj", "{357F3CC4-027A-4F39-93D4-4E9DFE61E163}"
EndProject
Global
	GlobalSection(SolutionConfigurationPlatforms) = preSolution
		Debug|Any CPU = Debug|Any CPU
		Release|Any CPU = Release|Any CPU
	EndGlobalSection
	GlobalSection(ProjectConfigurationPlatforms) = postSolution
		{357F3CC4-027A-4F39-93D4-4E9DFE61E163}.Debug|Any CPU.ActiveCfg = Debug|Any CPU
		{357F3CC4-027A-4F39-93D4-4E9DFE61E163}.Debug|Any CPU.Build.0 = Debug|Any CPU
		{357F3CC4-027A-4F39-93D4-4E9DFE61E163}.Release|Any CPU.ActiveCfg = Release|Any CPU
		{357F3CC4-027A-4F39-93D4-4E9DFE61E163}.Release|Any CPU.Build.0 = Release|Any CPU
	EndGlobalSection
	GlobalSection(SolutionProperties) = preSolution
		HideSolutionNode = FALSE
	EndGlobalSection
	GlobalSection(ExtensibilityGlobals) = postSolution
		SolutionGuid = {57EA9675-9EFF-4388-9974-88A6A9A4925C}
	EndGlobalSection
EndGlobal
