
Microsoft Visual Studio Solution File, Format Version 12.00
# Visual Studio Version 17
VisualStudioVersion = 17.5.002.0
MinimumVisualStudioVersion = 10.0.40219.1
Project("{9A19103F-16F7-4668-BE54-9A1E7A4F7556}") = "matriz07", "matriz07.csproj", "{C7FA2D50-A6F4-4D1D-B726-BD0A771229E7}"
EndProject
Global
	GlobalSection(SolutionConfigurationPlatforms) = preSolution
		Debug|Any CPU = Debug|Any CPU
		Release|Any CPU = Release|Any CPU
	EndGlobalSection
	GlobalSection(ProjectConfigurationPlatforms) = postSolution
		{C7FA2D50-A6F4-4D1D-B726-BD0A771229E7}.Debug|Any CPU.ActiveCfg = Debug|Any CPU
		{C7FA2D50-A6F4-4D1D-B726-BD0A771229E7}.Debug|Any CPU.Build.0 = Debug|Any CPU
		{C7FA2D50-A6F4-4D1D-B726-BD0A771229E7}.Release|Any CPU.ActiveCfg = Release|Any CPU
		{C7FA2D50-A6F4-4D1D-B726-BD0A771229E7}.Release|Any CPU.Build.0 = Release|Any CPU
	EndGlobalSection
	GlobalSection(SolutionProperties) = preSolution
		HideSolutionNode = FALSE
	EndGlobalSection
	GlobalSection(ExtensibilityGlobals) = postSolution
		SolutionGuid = {F1F43745-7114-4AE7-A022-69A65007E44F}
	EndGlobalSection
EndGlobal
