
Microsoft Visual Studio Solution File, Format Version 12.00
# Visual Studio Version 17
VisualStudioVersion = 17.5.002.0
MinimumVisualStudioVersion = 10.0.40219.1
Project("{9A19103F-16F7-4668-BE54-9A1E7A4F7556}") = "uri1075", "uri1075.csproj", "{C6308953-BE99-4E4C-87D1-74FD0F4298C6}"
EndProject
Global
	GlobalSection(SolutionConfigurationPlatforms) = preSolution
		Debug|Any CPU = Debug|Any CPU
		Release|Any CPU = Release|Any CPU
	EndGlobalSection
	GlobalSection(ProjectConfigurationPlatforms) = postSolution
		{C6308953-BE99-4E4C-87D1-74FD0F4298C6}.Debug|Any CPU.ActiveCfg = Debug|Any CPU
		{C6308953-BE99-4E4C-87D1-74FD0F4298C6}.Debug|Any CPU.Build.0 = Debug|Any CPU
		{C6308953-BE99-4E4C-87D1-74FD0F4298C6}.Release|Any CPU.ActiveCfg = Release|Any CPU
		{C6308953-BE99-4E4C-87D1-74FD0F4298C6}.Release|Any CPU.Build.0 = Release|Any CPU
	EndGlobalSection
	GlobalSection(SolutionProperties) = preSolution
		HideSolutionNode = FALSE
	EndGlobalSection
	GlobalSection(ExtensibilityGlobals) = postSolution
		SolutionGuid = {D02E89F2-2FC6-41BB-947D-758440756941}
	EndGlobalSection
EndGlobal
