
Microsoft Visual Studio Solution File, Format Version 12.00
# Visual Studio Version 17
VisualStudioVersion = 17.5.002.0
MinimumVisualStudioVersion = 10.0.40219.1
Project("{9A19103F-16F7-4668-BE54-9A1E7A4F7556}") = "uri1157", "uri1157.csproj", "{461D14D3-3D43-48C8-98BF-4420B464EB8C}"
EndProject
Global
	GlobalSection(SolutionConfigurationPlatforms) = preSolution
		Debug|Any CPU = Debug|Any CPU
		Release|Any CPU = Release|Any CPU
	EndGlobalSection
	GlobalSection(ProjectConfigurationPlatforms) = postSolution
		{461D14D3-3D43-48C8-98BF-4420B464EB8C}.Debug|Any CPU.ActiveCfg = Debug|Any CPU
		{461D14D3-3D43-48C8-98BF-4420B464EB8C}.Debug|Any CPU.Build.0 = Debug|Any CPU
		{461D14D3-3D43-48C8-98BF-4420B464EB8C}.Release|Any CPU.ActiveCfg = Release|Any CPU
		{461D14D3-3D43-48C8-98BF-4420B464EB8C}.Release|Any CPU.Build.0 = Release|Any CPU
	EndGlobalSection
	GlobalSection(SolutionProperties) = preSolution
		HideSolutionNode = FALSE
	EndGlobalSection
	GlobalSection(ExtensibilityGlobals) = postSolution
		SolutionGuid = {FC10BA6F-7E40-4265-A06B-F8D28294ABCF}
	EndGlobalSection
EndGlobal
