
Microsoft Visual Studio Solution File, Format Version 12.00
# Visual Studio Version 17
VisualStudioVersion = 17.5.002.0
MinimumVisualStudioVersion = 10.0.40219.1
Project("{9A19103F-16F7-4668-BE54-9A1E7A4F7556}") = "uri1046", "uri1046.csproj", "{B7349177-5526-4DF3-A655-633F776EF5B3}"
EndProject
Global
	GlobalSection(SolutionConfigurationPlatforms) = preSolution
		Debug|Any CPU = Debug|Any CPU
		Release|Any CPU = Release|Any CPU
	EndGlobalSection
	GlobalSection(ProjectConfigurationPlatforms) = postSolution
		{B7349177-5526-4DF3-A655-633F776EF5B3}.Debug|Any CPU.ActiveCfg = Debug|Any CPU
		{B7349177-5526-4DF3-A655-633F776EF5B3}.Debug|Any CPU.Build.0 = Debug|Any CPU
		{B7349177-5526-4DF3-A655-633F776EF5B3}.Release|Any CPU.ActiveCfg = Release|Any CPU
		{B7349177-5526-4DF3-A655-633F776EF5B3}.Release|Any CPU.Build.0 = Release|Any CPU
	EndGlobalSection
	GlobalSection(SolutionProperties) = preSolution
		HideSolutionNode = FALSE
	EndGlobalSection
	GlobalSection(ExtensibilityGlobals) = postSolution
		SolutionGuid = {01C30BA4-A6E1-4A5C-9D88-821D00291623}
	EndGlobalSection
EndGlobal
