
Microsoft Visual Studio Solution File, Format Version 12.00
# Visual Studio Version 17
VisualStudioVersion = 17.5.002.0
MinimumVisualStudioVersion = 10.0.40219.1
Project("{9A19103F-16F7-4668-BE54-9A1E7A4F7556}") = "uri1094", "uri1094.csproj", "{18E6480B-8654-44F0-A824-5EED8907D8C0}"
EndProject
Global
	GlobalSection(SolutionConfigurationPlatforms) = preSolution
		Debug|Any CPU = Debug|Any CPU
		Release|Any CPU = Release|Any CPU
	EndGlobalSection
	GlobalSection(ProjectConfigurationPlatforms) = postSolution
		{18E6480B-8654-44F0-A824-5EED8907D8C0}.Debug|Any CPU.ActiveCfg = Debug|Any CPU
		{18E6480B-8654-44F0-A824-5EED8907D8C0}.Debug|Any CPU.Build.0 = Debug|Any CPU
		{18E6480B-8654-44F0-A824-5EED8907D8C0}.Release|Any CPU.ActiveCfg = Release|Any CPU
		{18E6480B-8654-44F0-A824-5EED8907D8C0}.Release|Any CPU.Build.0 = Release|Any CPU
	EndGlobalSection
	GlobalSection(SolutionProperties) = preSolution
		HideSolutionNode = FALSE
	EndGlobalSection
	GlobalSection(ExtensibilityGlobals) = postSolution
		SolutionGuid = {D8FF2BE2-250C-4473-AE3D-6832E6980CC2}
	EndGlobalSection
EndGlobal
