
Microsoft Visual Studio Solution File, Format Version 12.00
# Visual Studio Version 17
VisualStudioVersion = 17.5.002.0
MinimumVisualStudioVersion = 10.0.40219.1
Project("{9A19103F-16F7-4668-BE54-9A1E7A4F7556}") = "uri1065", "uri1065.csproj", "{F3C9D75D-01A6-4CBF-B20C-9A47E78ABAAC}"
EndProject
Global
	GlobalSection(SolutionConfigurationPlatforms) = preSolution
		Debug|Any CPU = Debug|Any CPU
		Release|Any CPU = Release|Any CPU
	EndGlobalSection
	GlobalSection(ProjectConfigurationPlatforms) = postSolution
		{F3C9D75D-01A6-4CBF-B20C-9A47E78ABAAC}.Debug|Any CPU.ActiveCfg = Debug|Any CPU
		{F3C9D75D-01A6-4CBF-B20C-9A47E78ABAAC}.Debug|Any CPU.Build.0 = Debug|Any CPU
		{F3C9D75D-01A6-4CBF-B20C-9A47E78ABAAC}.Release|Any CPU.ActiveCfg = Release|Any CPU
		{F3C9D75D-01A6-4CBF-B20C-9A47E78ABAAC}.Release|Any CPU.Build.0 = Release|Any CPU
	EndGlobalSection
	GlobalSection(SolutionProperties) = preSolution
		HideSolutionNode = FALSE
	EndGlobalSection
	GlobalSection(ExtensibilityGlobals) = postSolution
		SolutionGuid = {1657722F-8D54-42AA-86E2-14237EB0D022}
	EndGlobalSection
EndGlobal
