
Microsoft Visual Studio Solution File, Format Version 12.00
# Visual Studio Version 17
VisualStudioVersion = 17.5.002.0
MinimumVisualStudioVersion = 10.0.40219.1
Project("{9A19103F-16F7-4668-BE54-9A1E7A4F7556}") = "uri1097", "uri1097.csproj", "{BD5BB49D-E13F-47F3-BB83-EBAB0D12B31A}"
EndProject
Global
	GlobalSection(SolutionConfigurationPlatforms) = preSolution
		Debug|Any CPU = Debug|Any CPU
		Release|Any CPU = Release|Any CPU
	EndGlobalSection
	GlobalSection(ProjectConfigurationPlatforms) = postSolution
		{BD5BB49D-E13F-47F3-BB83-EBAB0D12B31A}.Debug|Any CPU.ActiveCfg = Debug|Any CPU
		{BD5BB49D-E13F-47F3-BB83-EBAB0D12B31A}.Debug|Any CPU.Build.0 = Debug|Any CPU
		{BD5BB49D-E13F-47F3-BB83-EBAB0D12B31A}.Release|Any CPU.ActiveCfg = Release|Any CPU
		{BD5BB49D-E13F-47F3-BB83-EBAB0D12B31A}.Release|Any CPU.Build.0 = Release|Any CPU
	EndGlobalSection
	GlobalSection(SolutionProperties) = preSolution
		HideSolutionNode = FALSE
	EndGlobalSection
	GlobalSection(ExtensibilityGlobals) = postSolution
		SolutionGuid = {08F26A30-C1A4-491D-9640-B9C0C9FBBB99}
	EndGlobalSection
EndGlobal
