
Microsoft Visual Studio Solution File, Format Version 12.00
# Visual Studio Version 17
VisualStudioVersion = 17.5.002.0
MinimumVisualStudioVersion = 10.0.40219.1
Project("{9A19103F-16F7-4668-BE54-9A1E7A4F7556}") = "uri1149", "uri1149.csproj", "{D87A5190-BC37-4CCC-8DEA-FE369A577B7D}"
EndProject
Global
	GlobalSection(SolutionConfigurationPlatforms) = preSolution
		Debug|Any CPU = Debug|Any CPU
		Release|Any CPU = Release|Any CPU
	EndGlobalSection
	GlobalSection(ProjectConfigurationPlatforms) = postSolution
		{D87A5190-BC37-4CCC-8DEA-FE369A577B7D}.Debug|Any CPU.ActiveCfg = Debug|Any CPU
		{D87A5190-BC37-4CCC-8DEA-FE369A577B7D}.Debug|Any CPU.Build.0 = Debug|Any CPU
		{D87A5190-BC37-4CCC-8DEA-FE369A577B7D}.Release|Any CPU.ActiveCfg = Release|Any CPU
		{D87A5190-BC37-4CCC-8DEA-FE369A577B7D}.Release|Any CPU.Build.0 = Release|Any CPU
	EndGlobalSection
	GlobalSection(SolutionProperties) = preSolution
		HideSolutionNode = FALSE
	EndGlobalSection
	GlobalSection(ExtensibilityGlobals) = postSolution
		SolutionGuid = {562FD67E-E6DD-497E-BB5F-EBE931D3C713}
	EndGlobalSection
EndGlobal
