
Microsoft Visual Studio Solution File, Format Version 12.00
# Visual Studio Version 17
VisualStudioVersion = 17.5.002.0
MinimumVisualStudioVersion = 10.0.40219.1
Project("{9A19103F-16F7-4668-BE54-9A1E7A4F7556}") = "matriz06", "matriz06.csproj", "{FF68B113-E3C7-41FA-9725-D150C5CADB92}"
EndProject
Global
	GlobalSection(SolutionConfigurationPlatforms) = preSolution
		Debug|Any CPU = Debug|Any CPU
		Release|Any CPU = Release|Any CPU
	EndGlobalSection
	GlobalSection(ProjectConfigurationPlatforms) = postSolution
		{FF68B113-E3C7-41FA-9725-D150C5CADB92}.Debug|Any CPU.ActiveCfg = Debug|Any CPU
		{FF68B113-E3C7-41FA-9725-D150C5CADB92}.Debug|Any CPU.Build.0 = Debug|Any CPU
		{FF68B113-E3C7-41FA-9725-D150C5CADB92}.Release|Any CPU.ActiveCfg = Release|Any CPU
		{FF68B113-E3C7-41FA-9725-D150C5CADB92}.Release|Any CPU.Build.0 = Release|Any CPU
	EndGlobalSection
	GlobalSection(SolutionProperties) = preSolution
		HideSolutionNode = FALSE
	EndGlobalSection
	GlobalSection(ExtensibilityGlobals) = postSolution
		SolutionGuid = {A65C613D-BC7F-44E3-8FED-1EF9192D9F08}
	EndGlobalSection
EndGlobal
