
Microsoft Visual Studio Solution File, Format Version 12.00
# Visual Studio Version 17
VisualStudioVersion = 17.5.002.0
MinimumVisualStudioVersion = 10.0.40219.1
Project("{9A19103F-16F7-4668-BE54-9A1E7A4F7556}") = "uri1144", "uri1144.csproj", "{48A85487-803C-4F4B-9319-95BC386A1FBE}"
EndProject
Global
	GlobalSection(SolutionConfigurationPlatforms) = preSolution
		Debug|Any CPU = Debug|Any CPU
		Release|Any CPU = Release|Any CPU
	EndGlobalSection
	GlobalSection(ProjectConfigurationPlatforms) = postSolution
		{48A85487-803C-4F4B-9319-95BC386A1FBE}.Debug|Any CPU.ActiveCfg = Debug|Any CPU
		{48A85487-803C-4F4B-9319-95BC386A1FBE}.Debug|Any CPU.Build.0 = Debug|Any CPU
		{48A85487-803C-4F4B-9319-95BC386A1FBE}.Release|Any CPU.ActiveCfg = Release|Any CPU
		{48A85487-803C-4F4B-9319-95BC386A1FBE}.Release|Any CPU.Build.0 = Release|Any CPU
	EndGlobalSection
	GlobalSection(SolutionProperties) = preSolution
		HideSolutionNode = FALSE
	EndGlobalSection
	GlobalSection(ExtensibilityGlobals) = postSolution
		SolutionGuid = {58863CD9-E4C7-4720-94F0-5B23F69B46C3}
	EndGlobalSection
EndGlobal
