
Microsoft Visual Studio Solution File, Format Version 12.00
# Visual Studio Version 17
VisualStudioVersion = 17.5.002.0
MinimumVisualStudioVersion = 10.0.40219.1
Project("{9A19103F-16F7-4668-BE54-9A1E7A4F7556}") = "uri1018", "uri1018.csproj", "{AAD5B6F5-8D5F-469F-8760-B59B7F72DDEA}"
EndProject
Global
	GlobalSection(SolutionConfigurationPlatforms) = preSolution
		Debug|Any CPU = Debug|Any CPU
		Release|Any CPU = Release|Any CPU
	EndGlobalSection
	GlobalSection(ProjectConfigurationPlatforms) = postSolution
		{AAD5B6F5-8D5F-469F-8760-B59B7F72DDEA}.Debug|Any CPU.ActiveCfg = Debug|Any CPU
		{AAD5B6F5-8D5F-469F-8760-B59B7F72DDEA}.Debug|Any CPU.Build.0 = Debug|Any CPU
		{AAD5B6F5-8D5F-469F-8760-B59B7F72DDEA}.Release|Any CPU.ActiveCfg = Release|Any CPU
		{AAD5B6F5-8D5F-469F-8760-B59B7F72DDEA}.Release|Any CPU.Build.0 = Release|Any CPU
	EndGlobalSection
	GlobalSection(SolutionProperties) = preSolution
		HideSolutionNode = FALSE
	EndGlobalSection
	GlobalSection(ExtensibilityGlobals) = postSolution
		SolutionGuid = {0CCA020D-A732-4A7F-9777-8D07F94D2BF5}
	EndGlobalSection
EndGlobal
