
Microsoft Visual Studio Solution File, Format Version 12.00
# Visual Studio Version 17
VisualStudioVersion = 17.5.002.0
MinimumVisualStudioVersion = 10.0.40219.1
Project("{9A19103F-16F7-4668-BE54-9A1E7A4F7556}") = "uri1047", "uri1047.csproj", "{EA13F8DF-58DB-4368-9C48-AADA945A8743}"
EndProject
Global
	GlobalSection(SolutionConfigurationPlatforms) = preSolution
		Debug|Any CPU = Debug|Any CPU
		Release|Any CPU = Release|Any CPU
	EndGlobalSection
	GlobalSection(ProjectConfigurationPlatforms) = postSolution
		{EA13F8DF-58DB-4368-9C48-AADA945A8743}.Debug|Any CPU.ActiveCfg = Debug|Any CPU
		{EA13F8DF-58DB-4368-9C48-AADA945A8743}.Debug|Any CPU.Build.0 = Debug|Any CPU
		{EA13F8DF-58DB-4368-9C48-AADA945A8743}.Release|Any CPU.ActiveCfg = Release|Any CPU
		{EA13F8DF-58DB-4368-9C48-AADA945A8743}.Release|Any CPU.Build.0 = Release|Any CPU
	EndGlobalSection
	GlobalSection(SolutionProperties) = preSolution
		HideSolutionNode = FALSE
	EndGlobalSection
	GlobalSection(ExtensibilityGlobals) = postSolution
		SolutionGuid = {12EEA879-D994-43BE-BDEC-6A277CB7D249}
	EndGlobalSection
EndGlobal
