
Microsoft Visual Studio Solution File, Format Version 12.00
# Visual Studio Version 17
VisualStudioVersion = 17.5.002.0
MinimumVisualStudioVersion = 10.0.40219.1
Project("{9A19103F-16F7-4668-BE54-9A1E7A4F7556}") = "uri1049", "uri1049.csproj", "{ADE09D41-A562-44C7-9381-63C986D08833}"
EndProject
Global
	GlobalSection(SolutionConfigurationPlatforms) = preSolution
		Debug|Any CPU = Debug|Any CPU
		Release|Any CPU = Release|Any CPU
	EndGlobalSection
	GlobalSection(ProjectConfigurationPlatforms) = postSolution
		{ADE09D41-A562-44C7-9381-63C986D08833}.Debug|Any CPU.ActiveCfg = Debug|Any CPU
		{ADE09D41-A562-44C7-9381-63C986D08833}.Debug|Any CPU.Build.0 = Debug|Any CPU
		{ADE09D41-A562-44C7-9381-63C986D08833}.Release|Any CPU.ActiveCfg = Release|Any CPU
		{ADE09D41-A562-44C7-9381-63C986D08833}.Release|Any CPU.Build.0 = Release|Any CPU
	EndGlobalSection
	GlobalSection(SolutionProperties) = preSolution
		HideSolutionNode = FALSE
	EndGlobalSection
	GlobalSection(ExtensibilityGlobals) = postSolution
		SolutionGuid = {D0F712AE-B8C3-46CE-92E1-E4C4B055C10D}
	EndGlobalSection
EndGlobal
