
Microsoft Visual Studio Solution File, Format Version 12.00
# Visual Studio Version 17
VisualStudioVersion = 17.5.002.0
MinimumVisualStudioVersion = 10.0.40219.1
Project("{9A19103F-16F7-4668-BE54-9A1E7A4F7556}") = "uri1006", "uri1006.csproj", "{2D6F7D4B-6F42-4505-8F03-47C72914922B}"
EndProject
Global
	GlobalSection(SolutionConfigurationPlatforms) = preSolution
		Debug|Any CPU = Debug|Any CPU
		Release|Any CPU = Release|Any CPU
	EndGlobalSection
	GlobalSection(ProjectConfigurationPlatforms) = postSolution
		{2D6F7D4B-6F42-4505-8F03-47C72914922B}.Debug|Any CPU.ActiveCfg = Debug|Any CPU
		{2D6F7D4B-6F42-4505-8F03-47C72914922B}.Debug|Any CPU.Build.0 = Debug|Any CPU
		{2D6F7D4B-6F42-4505-8F03-47C72914922B}.Release|Any CPU.ActiveCfg = Release|Any CPU
		{2D6F7D4B-6F42-4505-8F03-47C72914922B}.Release|Any CPU.Build.0 = Release|Any CPU
	EndGlobalSection
	GlobalSection(SolutionProperties) = preSolution
		HideSolutionNode = FALSE
	EndGlobalSection
	GlobalSection(ExtensibilityGlobals) = postSolution
		SolutionGuid = {F2F92E95-7EEA-4EAB-BDEF-9D3E4901AC4B}
	EndGlobalSection
EndGlobal
