
Microsoft Visual Studio Solution File, Format Version 12.00
# Visual Studio Version 17
VisualStudioVersion = 17.5.002.0
MinimumVisualStudioVersion = 10.0.40219.1
Project("{9A19103F-16F7-4668-BE54-9A1E7A4F7556}") = "uri1064", "uri1064.csproj", "{BFED2D24-31D9-41DD-AABC-BD14B45B0FDA}"
EndProject
Global
	GlobalSection(SolutionConfigurationPlatforms) = preSolution
		Debug|Any CPU = Debug|Any CPU
		Release|Any CPU = Release|Any CPU
	EndGlobalSection
	GlobalSection(ProjectConfigurationPlatforms) = postSolution
		{BFED2D24-31D9-41DD-AABC-BD14B45B0FDA}.Debug|Any CPU.ActiveCfg = Debug|Any CPU
		{BFED2D24-31D9-41DD-AABC-BD14B45B0FDA}.Debug|Any CPU.Build.0 = Debug|Any CPU
		{BFED2D24-31D9-41DD-AABC-BD14B45B0FDA}.Release|Any CPU.ActiveCfg = Release|Any CPU
		{BFED2D24-31D9-41DD-AABC-BD14B45B0FDA}.Release|Any CPU.Build.0 = Release|Any CPU
	EndGlobalSection
	GlobalSection(SolutionProperties) = preSolution
		HideSolutionNode = FALSE
	EndGlobalSection
	GlobalSection(ExtensibilityGlobals) = postSolution
		SolutionGuid = {98E28504-4DAB-421E-B7EA-1F6B3F6981F2}
	EndGlobalSection
EndGlobal
