
Microsoft Visual Studio Solution File, Format Version 12.00
# Visual Studio Version 17
VisualStudioVersion = 17.5.002.0
MinimumVisualStudioVersion = 10.0.40219.1
Project("{9A19103F-16F7-4668-BE54-9A1E7A4F7556}") = "uri1041", "uri1041.csproj", "{ECFBB47F-0666-4AAD-994B-799731678F9F}"
EndProject
Global
	GlobalSection(SolutionConfigurationPlatforms) = preSolution
		Debug|Any CPU = Debug|Any CPU
		Release|Any CPU = Release|Any CPU
	EndGlobalSection
	GlobalSection(ProjectConfigurationPlatforms) = postSolution
		{ECFBB47F-0666-4AAD-994B-799731678F9F}.Debug|Any CPU.ActiveCfg = Debug|Any CPU
		{ECFBB47F-0666-4AAD-994B-799731678F9F}.Debug|Any CPU.Build.0 = Debug|Any CPU
		{ECFBB47F-0666-4AAD-994B-799731678F9F}.Release|Any CPU.ActiveCfg = Release|Any CPU
		{ECFBB47F-0666-4AAD-994B-799731678F9F}.Release|Any CPU.Build.0 = Release|Any CPU
	EndGlobalSection
	GlobalSection(SolutionProperties) = preSolution
		HideSolutionNode = FALSE
	EndGlobalSection
	GlobalSection(ExtensibilityGlobals) = postSolution
		SolutionGuid = {89DD9DE9-1A40-4B6B-8164-9E39C3A2F5AC}
	EndGlobalSection
EndGlobal
