
Microsoft Visual Studio Solution File, Format Version 12.00
# Visual Studio Version 17
VisualStudioVersion = 17.5.002.0
MinimumVisualStudioVersion = 10.0.40219.1
Project("{9A19103F-16F7-4668-BE54-9A1E7A4F7556}") = "matriz05", "matriz05.csproj", "{0D18AA21-CC8D-462C-9C78-2D75D23B5EF4}"
EndProject
Global
	GlobalSection(SolutionConfigurationPlatforms) = preSolution
		Debug|Any CPU = Debug|Any CPU
		Release|Any CPU = Release|Any CPU
	EndGlobalSection
	GlobalSection(ProjectConfigurationPlatforms) = postSolution
		{0D18AA21-CC8D-462C-9C78-2D75D23B5EF4}.Debug|Any CPU.ActiveCfg = Debug|Any CPU
		{0D18AA21-CC8D-462C-9C78-2D75D23B5EF4}.Debug|Any CPU.Build.0 = Debug|Any CPU
		{0D18AA21-CC8D-462C-9C78-2D75D23B5EF4}.Release|Any CPU.ActiveCfg = Release|Any CPU
		{0D18AA21-CC8D-462C-9C78-2D75D23B5EF4}.Release|Any CPU.Build.0 = Release|Any CPU
	EndGlobalSection
	GlobalSection(SolutionProperties) = preSolution
		HideSolutionNode = FALSE
	EndGlobalSection
	GlobalSection(ExtensibilityGlobals) = postSolution
		SolutionGuid = {244C08B6-1372-46D2-9120-20CDBFF4CB9D}
	EndGlobalSection
EndGlobal
