
Microsoft Visual Studio Solution File, Format Version 12.00
# Visual Studio Version 17
VisualStudioVersion = 17.5.002.0
MinimumVisualStudioVersion = 10.0.40219.1
Project("{9A19103F-16F7-4668-BE54-9A1E7A4F7556}") = "uri1142", "uri1142.csproj", "{A32A525E-20FF-4A07-B4EE-FA3E3FC4A411}"
EndProject
Global
	GlobalSection(SolutionConfigurationPlatforms) = preSolution
		Debug|Any CPU = Debug|Any CPU
		Release|Any CPU = Release|Any CPU
	EndGlobalSection
	GlobalSection(ProjectConfigurationPlatforms) = postSolution
		{A32A525E-20FF-4A07-B4EE-FA3E3FC4A411}.Debug|Any CPU.ActiveCfg = Debug|Any CPU
		{A32A525E-20FF-4A07-B4EE-FA3E3FC4A411}.Debug|Any CPU.Build.0 = Debug|Any CPU
		{A32A525E-20FF-4A07-B4EE-FA3E3FC4A411}.Release|Any CPU.ActiveCfg = Release|Any CPU
		{A32A525E-20FF-4A07-B4EE-FA3E3FC4A411}.Release|Any CPU.Build.0 = Release|Any CPU
	EndGlobalSection
	GlobalSection(SolutionProperties) = preSolution
		HideSolutionNode = FALSE
	EndGlobalSection
	GlobalSection(ExtensibilityGlobals) = postSolution
		SolutionGuid = {8DC75DE7-32CF-4ABB-A6B2-F51157AC9C61}
	EndGlobalSection
EndGlobal
