
Microsoft Visual Studio Solution File, Format Version 12.00
# Visual Studio Version 17
VisualStudioVersion = 17.5.002.0
MinimumVisualStudioVersion = 10.0.40219.1
Project("{9A19103F-16F7-4668-BE54-9A1E7A4F7556}") = "vetor02", "vetor02.csproj", "{DFC73FFD-1C30-4A9B-8D63-4F632BA78BA2}"
EndProject
Global
	GlobalSection(SolutionConfigurationPlatforms) = preSolution
		Debug|Any CPU = Debug|Any CPU
		Release|Any CPU = Release|Any CPU
	EndGlobalSection
	GlobalSection(ProjectConfigurationPlatforms) = postSolution
		{DFC73FFD-1C30-4A9B-8D63-4F632BA78BA2}.Debug|Any CPU.ActiveCfg = Debug|Any CPU
		{DFC73FFD-1C30-4A9B-8D63-4F632BA78BA2}.Debug|Any CPU.Build.0 = Debug|Any CPU
		{DFC73FFD-1C30-4A9B-8D63-4F632BA78BA2}.Release|Any CPU.ActiveCfg = Release|Any CPU
		{DFC73FFD-1C30-4A9B-8D63-4F632BA78BA2}.Release|Any CPU.Build.0 = Release|Any CPU
	EndGlobalSection
	GlobalSection(SolutionProperties) = preSolution
		HideSolutionNode = FALSE
	EndGlobalSection
	GlobalSection(ExtensibilityGlobals) = postSolution
		SolutionGuid = {A6660A57-303D-448F-AF06-8294875DC6CC}
	EndGlobalSection
EndGlobal
